
Microsoft Visual Studio Solution File, Format Version 12.00
# Visual Studio Version 17
VisualStudioVersion = 17.4.33122.133
MinimumVisualStudioVersion = 10.0.40219.1
Project("{9A19103F-16F7-4668-BE54-9A1E7A4F7556}") = "Day01", "Day01\Day01.csproj", "{14A24B3E-1965-469E-A924-5CFC1F49B88F}"
EndProject
Project("{9A19103F-16F7-4668-BE54-9A1E7A4F7556}") = "Day02", "Day02\Day02.csproj", "{98089C18-5D56-4AC6-A89D-CAEC6994A42F}"
EndProject
Project("{2150E333-8FDC-42A3-9474-1A3956D46DE8}") = "Solution Items", "Solution Items", "{CFDDBD66-6AC8-483F-91F9-2F81AA0B6E96}"
	ProjectSection(SolutionItems) = preProject
		README.md = README.md
	EndProjectSection
EndProject
Project("{9A19103F-16F7-4668-BE54-9A1E7A4F7556}") = "Day03", "Day03\Day03.csproj", "{52E3ECB8-8568-4657-8B29-A22911A0D2D8}"
EndProject
Project("{FAE04EC0-301F-11D3-BF4B-00C04F79EFBC}") = "Day04", "Day04\Day04.csproj", "{42EA9E97-43BF-4FE0-AB86-7BAAC61C28FA}"
EndProject
Global
	GlobalSection(SolutionConfigurationPlatforms) = preSolution
		Debug|Any CPU = Debug|Any CPU
		Release|Any CPU = Release|Any CPU
	EndGlobalSection
	GlobalSection(ProjectConfigurationPlatforms) = postSolution
		{14A24B3E-1965-469E-A924-5CFC1F49B88F}.Debug|Any CPU.ActiveCfg = Debug|Any CPU
		{14A24B3E-1965-469E-A924-5CFC1F49B88F}.Debug|Any CPU.Build.0 = Debug|Any CPU
		{14A24B3E-1965-469E-A924-5CFC1F49B88F}.Release|Any CPU.ActiveCfg = Release|Any CPU
		{14A24B3E-1965-469E-A924-5CFC1F49B88F}.Release|Any CPU.Build.0 = Release|Any CPU
		{98089C18-5D56-4AC6-A89D-CAEC6994A42F}.Debug|Any CPU.ActiveCfg = Debug|Any CPU
		{98089C18-5D56-4AC6-A89D-CAEC6994A42F}.Debug|Any CPU.Build.0 = Debug|Any CPU
		{98089C18-5D56-4AC6-A89D-CAEC6994A42F}.Release|Any CPU.ActiveCfg = Release|Any CPU
		{98089C18-5D56-4AC6-A89D-CAEC6994A42F}.Release|Any CPU.Build.0 = Release|Any CPU
		{52E3ECB8-8568-4657-8B29-A22911A0D2D8}.Debug|Any CPU.ActiveCfg = Debug|Any CPU
		{52E3ECB8-8568-4657-8B29-A22911A0D2D8}.Debug|Any CPU.Build.0 = Debug|Any CPU
		{52E3ECB8-8568-4657-8B29-A22911A0D2D8}.Release|Any CPU.ActiveCfg = Release|Any CPU
		{52E3ECB8-8568-4657-8B29-A22911A0D2D8}.Release|Any CPU.Build.0 = Release|Any CPU
		{42EA9E97-43BF-4FE0-AB86-7BAAC61C28FA}.Debug|Any CPU.ActiveCfg = Debug|Any CPU
		{42EA9E97-43BF-4FE0-AB86-7BAAC61C28FA}.Debug|Any CPU.Build.0 = Debug|Any CPU
		{42EA9E97-43BF-4FE0-AB86-7BAAC61C28FA}.Release|Any CPU.ActiveCfg = Release|Any CPU
		{42EA9E97-43BF-4FE0-AB86-7BAAC61C28FA}.Release|Any CPU.Build.0 = Release|Any CPU
	EndGlobalSection
	GlobalSection(SolutionProperties) = preSolution
		HideSolutionNode = FALSE
	EndGlobalSection
	GlobalSection(ExtensibilityGlobals) = postSolution
		SolutionGuid = {3F13D9C8-2DDC-41E9-8E79-D3525B1D78CB}
	EndGlobalSection
EndGlobal
